
Microsoft Visual Studio Solution File, Format Version 12.00
# Visual Studio Version 17
VisualStudioVersion = 17.4.33213.308
MinimumVisualStudioVersion = 10.0.40219.1
Project("{FAE04EC0-301F-11D3-BF4B-00C04F79EFBC}") = "Tinoco14.Android", "Tinoco14\Tinoco14.Android\Tinoco14.Android.csproj", "{23D0BD14-1378-4F71-AE08-C9CB3F2CDCFF}"
EndProject
Project("{FAE04EC0-301F-11D3-BF4B-00C04F79EFBC}") = "Tinoco14.iOS", "Tinoco14\Tinoco14.iOS\Tinoco14.iOS.csproj", "{ED1EB9C0-30B7-489E-8000-7D8C4E536494}"
EndProject
Project("{FAE04EC0-301F-11D3-BF4B-00C04F79EFBC}") = "Tinoco14", "Tinoco14\Tinoco14\Tinoco14.csproj", "{BB94B1FD-16C3-421B-8D68-CF917E8866CC}"
EndProject
Global
	GlobalSection(SolutionConfigurationPlatforms) = preSolution
		Debug|Any CPU = Debug|Any CPU
		Debug|iPhone = Debug|iPhone
		Debug|iPhoneSimulator = Debug|iPhoneSimulator
		Release|Any CPU = Release|Any CPU
		Release|iPhone = Release|iPhone
		Release|iPhoneSimulator = Release|iPhoneSimulator
	EndGlobalSection
	GlobalSection(ProjectConfigurationPlatforms) = postSolution
		{23D0BD14-1378-4F71-AE08-C9CB3F2CDCFF}.Debug|Any CPU.ActiveCfg = Debug|Any CPU
		{23D0BD14-1378-4F71-AE08-C9CB3F2CDCFF}.Debug|Any CPU.Build.0 = Debug|Any CPU
		{23D0BD14-1378-4F71-AE08-C9CB3F2CDCFF}.Debug|Any CPU.Deploy.0 = Debug|Any CPU
		{23D0BD14-1378-4F71-AE08-C9CB3F2CDCFF}.Debug|iPhone.ActiveCfg = Debug|Any CPU
		{23D0BD14-1378-4F71-AE08-C9CB3F2CDCFF}.Debug|iPhone.Build.0 = Debug|Any CPU
		{23D0BD14-1378-4F71-AE08-C9CB3F2CDCFF}.Debug|iPhone.Deploy.0 = Debug|Any CPU
		{23D0BD14-1378-4F71-AE08-C9CB3F2CDCFF}.Debug|iPhoneSimulator.ActiveCfg = Debug|Any CPU
		{23D0BD14-1378-4F71-AE08-C9CB3F2CDCFF}.Debug|iPhoneSimulator.Build.0 = Debug|Any CPU
		{23D0BD14-1378-4F71-AE08-C9CB3F2CDCFF}.Debug|iPhoneSimulator.Deploy.0 = Debug|Any CPU
		{23D0BD14-1378-4F71-AE08-C9CB3F2CDCFF}.Release|Any CPU.ActiveCfg = Release|Any CPU
		{23D0BD14-1378-4F71-AE08-C9CB3F2CDCFF}.Release|Any CPU.Build.0 = Release|Any CPU
		{23D0BD14-1378-4F71-AE08-C9CB3F2CDCFF}.Release|Any CPU.Deploy.0 = Release|Any CPU
		{23D0BD14-1378-4F71-AE08-C9CB3F2CDCFF}.Release|iPhone.ActiveCfg = Release|Any CPU
		{23D0BD14-1378-4F71-AE08-C9CB3F2CDCFF}.Release|iPhone.Build.0 = Release|Any CPU
		{23D0BD14-1378-4F71-AE08-C9CB3F2CDCFF}.Release|iPhone.Deploy.0 = Release|Any CPU
		{23D0BD14-1378-4F71-AE08-C9CB3F2CDCFF}.Release|iPhoneSimulator.ActiveCfg = Release|Any CPU
		{23D0BD14-1378-4F71-AE08-C9CB3F2CDCFF}.Release|iPhoneSimulator.Build.0 = Release|Any CPU
		{23D0BD14-1378-4F71-AE08-C9CB3F2CDCFF}.Release|iPhoneSimulator.Deploy.0 = Release|Any CPU
		{ED1EB9C0-30B7-489E-8000-7D8C4E536494}.Debug|Any CPU.ActiveCfg = Debug|iPhone
		{ED1EB9C0-30B7-489E-8000-7D8C4E536494}.Debug|Any CPU.Build.0 = Debug|iPhone
		{ED1EB9C0-30B7-489E-8000-7D8C4E536494}.Debug|Any CPU.Deploy.0 = Debug|iPhone
		{ED1EB9C0-30B7-489E-8000-7D8C4E536494}.Debug|iPhone.ActiveCfg = Debug|iPhone
		{ED1EB9C0-30B7-489E-8000-7D8C4E536494}.Debug|iPhone.Build.0 = Debug|iPhone
		{ED1EB9C0-30B7-489E-8000-7D8C4E536494}.Debug|iPhone.Deploy.0 = Debug|iPhone
		{ED1EB9C0-30B7-489E-8000-7D8C4E536494}.Debug|iPhoneSimulator.ActiveCfg = Debug|iPhoneSimulator
		{ED1EB9C0-30B7-489E-8000-7D8C4E536494}.Debug|iPhoneSimulator.Build.0 = Debug|iPhoneSimulator
		{ED1EB9C0-30B7-489E-8000-7D8C4E536494}.Debug|iPhoneSimulator.Deploy.0 = Debug|iPhoneSimulator
		{ED1EB9C0-30B7-489E-8000-7D8C4E536494}.Release|Any CPU.ActiveCfg = Release|iPhoneSimulator
		{ED1EB9C0-30B7-489E-8000-7D8C4E536494}.Release|Any CPU.Build.0 = Release|iPhoneSimulator
		{ED1EB9C0-30B7-489E-8000-7D8C4E536494}.Release|Any CPU.Deploy.0 = Release|iPhoneSimulator
		{ED1EB9C0-30B7-489E-8000-7D8C4E536494}.Release|iPhone.ActiveCfg = Release|iPhone
		{ED1EB9C0-30B7-489E-8000-7D8C4E536494}.Release|iPhone.Build.0 = Release|iPhone
		{ED1EB9C0-30B7-489E-8000-7D8C4E536494}.Release|iPhone.Deploy.0 = Release|iPhone
		{ED1EB9C0-30B7-489E-8000-7D8C4E536494}.Release|iPhoneSimulator.ActiveCfg = Release|iPhoneSimulator
		{ED1EB9C0-30B7-489E-8000-7D8C4E536494}.Release|iPhoneSimulator.Build.0 = Release|iPhoneSimulator
		{ED1EB9C0-30B7-489E-8000-7D8C4E536494}.Release|iPhoneSimulator.Deploy.0 = Release|iPhoneSimulator
		{BB94B1FD-16C3-421B-8D68-CF917E8866CC}.Debug|Any CPU.ActiveCfg = Debug|Any CPU
		{BB94B1FD-16C3-421B-8D68-CF917E8866CC}.Debug|Any CPU.Build.0 = Debug|Any CPU
		{BB94B1FD-16C3-421B-8D68-CF917E8866CC}.Debug|Any CPU.Deploy.0 = Debug|Any CPU
		{BB94B1FD-16C3-421B-8D68-CF917E8866CC}.Debug|iPhone.ActiveCfg = Debug|Any CPU
		{BB94B1FD-16C3-421B-8D68-CF917E8866CC}.Debug|iPhone.Build.0 = Debug|Any CPU
		{BB94B1FD-16C3-421B-8D68-CF917E8866CC}.Debug|iPhone.Deploy.0 = Debug|Any CPU
		{BB94B1FD-16C3-421B-8D68-CF917E8866CC}.Debug|iPhoneSimulator.ActiveCfg = Debug|Any CPU
		{BB94B1FD-16C3-421B-8D68-CF917E8866CC}.Debug|iPhoneSimulator.Build.0 = Debug|Any CPU
		{BB94B1FD-16C3-421B-8D68-CF917E8866CC}.Debug|iPhoneSimulator.Deploy.0 = Debug|Any CPU
		{BB94B1FD-16C3-421B-8D68-CF917E8866CC}.Release|Any CPU.ActiveCfg = Release|Any CPU
		{BB94B1FD-16C3-421B-8D68-CF917E8866CC}.Release|Any CPU.Build.0 = Release|Any CPU
		{BB94B1FD-16C3-421B-8D68-CF917E8866CC}.Release|Any CPU.Deploy.0 = Release|Any CPU
		{BB94B1FD-16C3-421B-8D68-CF917E8866CC}.Release|iPhone.ActiveCfg = Release|Any CPU
		{BB94B1FD-16C3-421B-8D68-CF917E8866CC}.Release|iPhone.Build.0 = Release|Any CPU
		{BB94B1FD-16C3-421B-8D68-CF917E8866CC}.Release|iPhone.Deploy.0 = Release|Any CPU
		{BB94B1FD-16C3-421B-8D68-CF917E8866CC}.Release|iPhoneSimulator.ActiveCfg = Release|Any CPU
		{BB94B1FD-16C3-421B-8D68-CF917E8866CC}.Release|iPhoneSimulator.Build.0 = Release|Any CPU
		{BB94B1FD-16C3-421B-8D68-CF917E8866CC}.Release|iPhoneSimulator.Deploy.0 = Release|Any CPU
	EndGlobalSection
	GlobalSection(SolutionProperties) = preSolution
		HideSolutionNode = FALSE
	EndGlobalSection
	GlobalSection(ExtensibilityGlobals) = postSolution
		SolutionGuid = {7D219017-382D-4E4B-89F1-B26B00593690}
	EndGlobalSection
EndGlobal
